
Microsoft Visual Studio Solution File, Format Version 12.00
# Visual Studio 15
VisualStudioVersion = 15.0.28307.779
MinimumVisualStudioVersion = 10.0.40219.1
Project("{9A19103F-16F7-4668-BE54-9A1E7A4F7556}") = "MisFinder", "MisFinder\MisFinder.csproj", "{CDB1B9D5-A326-4CCC-AA2B-FC921C2AD206}"
	ProjectSection(ProjectDependencies) = postProject
		{D8990E99-F473-4587-BA32-9C5E66E75B29} = {D8990E99-F473-4587-BA32-9C5E66E75B29}
	EndProjectSection
EndProject
Project("{9A19103F-16F7-4668-BE54-9A1E7A4F7556}") = "MisFinder.Domain", "MisFinder.Domain\MisFinder.Domain.csproj", "{D8990E99-F473-4587-BA32-9C5E66E75B29}"
EndProject
Project("{9A19103F-16F7-4668-BE54-9A1E7A4F7556}") = "MisFinder.Data", "MisFinder.Data\MisFinder.Data.csproj", "{B3B0B9D5-BEAF-4926-8606-87AFABFF468F}"
EndProject
Project("{2150E333-8FDC-42A3-9474-1A3956D46DE8}") = "Core", "Core", "{44A162F9-1D31-42E9-847D-E6EEF30ECCB4}"
EndProject
Global
	GlobalSection(SolutionConfigurationPlatforms) = preSolution
		Debug|Any CPU = Debug|Any CPU
		Release|Any CPU = Release|Any CPU
	EndGlobalSection
	GlobalSection(ProjectConfigurationPlatforms) = postSolution
		{CDB1B9D5-A326-4CCC-AA2B-FC921C2AD206}.Debug|Any CPU.ActiveCfg = Debug|Any CPU
		{CDB1B9D5-A326-4CCC-AA2B-FC921C2AD206}.Debug|Any CPU.Build.0 = Debug|Any CPU
		{CDB1B9D5-A326-4CCC-AA2B-FC921C2AD206}.Release|Any CPU.ActiveCfg = Release|Any CPU
		{CDB1B9D5-A326-4CCC-AA2B-FC921C2AD206}.Release|Any CPU.Build.0 = Release|Any CPU
		{D8990E99-F473-4587-BA32-9C5E66E75B29}.Debug|Any CPU.ActiveCfg = Debug|Any CPU
		{D8990E99-F473-4587-BA32-9C5E66E75B29}.Debug|Any CPU.Build.0 = Debug|Any CPU
		{D8990E99-F473-4587-BA32-9C5E66E75B29}.Release|Any CPU.ActiveCfg = Release|Any CPU
		{D8990E99-F473-4587-BA32-9C5E66E75B29}.Release|Any CPU.Build.0 = Release|Any CPU
		{B3B0B9D5-BEAF-4926-8606-87AFABFF468F}.Debug|Any CPU.ActiveCfg = Debug|Any CPU
		{B3B0B9D5-BEAF-4926-8606-87AFABFF468F}.Debug|Any CPU.Build.0 = Debug|Any CPU
		{B3B0B9D5-BEAF-4926-8606-87AFABFF468F}.Release|Any CPU.ActiveCfg = Release|Any CPU
		{B3B0B9D5-BEAF-4926-8606-87AFABFF468F}.Release|Any CPU.Build.0 = Release|Any CPU
	EndGlobalSection
	GlobalSection(SolutionProperties) = preSolution
		HideSolutionNode = FALSE
	EndGlobalSection
	GlobalSection(NestedProjects) = preSolution
		{D8990E99-F473-4587-BA32-9C5E66E75B29} = {44A162F9-1D31-42E9-847D-E6EEF30ECCB4}
		{B3B0B9D5-BEAF-4926-8606-87AFABFF468F} = {44A162F9-1D31-42E9-847D-E6EEF30ECCB4}
	EndGlobalSection
	GlobalSection(ExtensibilityGlobals) = postSolution
		SolutionGuid = {0C55C218-2874-412B-BB9E-4A238A0283C1}
	EndGlobalSection
EndGlobal
